
Microsoft Visual Studio Solution File, Format Version 12.00
# Visual Studio 2013
VisualStudioVersion = 12.0.31101.0
MinimumVisualStudioVersion = 10.0.40219.1
Project("{FAE04EC0-301F-11D3-BF4B-00C04F79EFBC}") = "TKTManager", "TKTManager\TKTManager.csproj", "{0E028CFC-DA9B-4C11-A1E6-0E8552DED562}"
EndProject
Project("{FAE04EC0-301F-11D3-BF4B-00C04F79EFBC}") = "TKTManager.Test", "TKTManager.Test\TKTManager.Test.csproj", "{E0C5ABCE-86C0-4B6B-B39B-FF63C03F27E4}"
EndProject
Global
	GlobalSection(SolutionConfigurationPlatforms) = preSolution
		Debug|Any CPU = Debug|Any CPU
		Release|Any CPU = Release|Any CPU
	EndGlobalSection
	GlobalSection(ProjectConfigurationPlatforms) = postSolution
		{0E028CFC-DA9B-4C11-A1E6-0E8552DED562}.Debug|Any CPU.ActiveCfg = Debug|Any CPU
		{0E028CFC-DA9B-4C11-A1E6-0E8552DED562}.Debug|Any CPU.Build.0 = Debug|Any CPU
		{0E028CFC-DA9B-4C11-A1E6-0E8552DED562}.Release|Any CPU.ActiveCfg = Release|Any CPU
		{0E028CFC-DA9B-4C11-A1E6-0E8552DED562}.Release|Any CPU.Build.0 = Release|Any CPU
		{E0C5ABCE-86C0-4B6B-B39B-FF63C03F27E4}.Debug|Any CPU.ActiveCfg = Debug|Any CPU
		{E0C5ABCE-86C0-4B6B-B39B-FF63C03F27E4}.Debug|Any CPU.Build.0 = Debug|Any CPU
		{E0C5ABCE-86C0-4B6B-B39B-FF63C03F27E4}.Release|Any CPU.ActiveCfg = Release|Any CPU
		{E0C5ABCE-86C0-4B6B-B39B-FF63C03F27E4}.Release|Any CPU.Build.0 = Release|Any CPU
	EndGlobalSection
	GlobalSection(SolutionProperties) = preSolution
		HideSolutionNode = FALSE
	EndGlobalSection
EndGlobal
