
Microsoft Visual Studio Solution File, Format Version 12.00
# Visual Studio Version 16
VisualStudioVersion = 16.0.30413.136
MinimumVisualStudioVersion = 10.0.40219.1
Project("{FAE04EC0-301F-11D3-BF4B-00C04F79EFBC}") = "CoutriesManagement.Core", "CoutriesManagement.Core\CoutriesManagement.Core.csproj", "{3597D6D8-7C67-4D4F-B3DF-30F1AC7B1C06}"
EndProject
Project("{FAE04EC0-301F-11D3-BF4B-00C04F79EFBC}") = "CountriesManagement.Client", "CountriesManagement.Client\CountriesManagement.Client.csproj", "{70D60956-C432-4E64-929A-C476CDDB3BBD}"
EndProject
Global
	GlobalSection(SolutionConfigurationPlatforms) = preSolution
		Debug|Any CPU = Debug|Any CPU
		Release|Any CPU = Release|Any CPU
	EndGlobalSection
	GlobalSection(ProjectConfigurationPlatforms) = postSolution
		{3597D6D8-7C67-4D4F-B3DF-30F1AC7B1C06}.Debug|Any CPU.ActiveCfg = Debug|Any CPU
		{3597D6D8-7C67-4D4F-B3DF-30F1AC7B1C06}.Debug|Any CPU.Build.0 = Debug|Any CPU
		{3597D6D8-7C67-4D4F-B3DF-30F1AC7B1C06}.Release|Any CPU.ActiveCfg = Release|Any CPU
		{3597D6D8-7C67-4D4F-B3DF-30F1AC7B1C06}.Release|Any CPU.Build.0 = Release|Any CPU
		{70D60956-C432-4E64-929A-C476CDDB3BBD}.Debug|Any CPU.ActiveCfg = Debug|Any CPU
		{70D60956-C432-4E64-929A-C476CDDB3BBD}.Debug|Any CPU.Build.0 = Debug|Any CPU
		{70D60956-C432-4E64-929A-C476CDDB3BBD}.Release|Any CPU.ActiveCfg = Release|Any CPU
		{70D60956-C432-4E64-929A-C476CDDB3BBD}.Release|Any CPU.Build.0 = Release|Any CPU
	EndGlobalSection
	GlobalSection(SolutionProperties) = preSolution
		HideSolutionNode = FALSE
	EndGlobalSection
	GlobalSection(ExtensibilityGlobals) = postSolution
		SolutionGuid = {00E1FA98-6BDA-45DB-9B40-A4BE0577D767}
	EndGlobalSection
EndGlobal
