
Microsoft Visual Studio Solution File, Format Version 12.00
# Visual Studio Version 16
VisualStudioVersion = 16.0.30128.74
MinimumVisualStudioVersion = 10.0.40219.1
Project("{FAE04EC0-301F-11D3-BF4B-00C04F79EFBC}") = "MainApp", "MainApp\MainApp.csproj", "{7C64FDE2-1CBE-4F35-AC79-2BA2B74FDEDA}"
EndProject
Project("{FAE04EC0-301F-11D3-BF4B-00C04F79EFBC}") = "MainApp.Core.Tests", "MainApp.Core.Tests\MainApp.Core.Tests.csproj", "{BDF38A0C-0A59-4032-A8A7-4C78ADE5FCA1}"
EndProject
Project("{FAE04EC0-301F-11D3-BF4B-00C04F79EFBC}") = "MainApp.Core", "MainApp.Core\MainApp.Core.csproj", "{FE5CD946-9EE4-433F-8B8C-0F7C241C772A}"
EndProject
Global
	GlobalSection(SolutionConfigurationPlatforms) = preSolution
		Debug|Any CPU = Debug|Any CPU
		Release|Any CPU = Release|Any CPU
	EndGlobalSection
	GlobalSection(ProjectConfigurationPlatforms) = postSolution
		{7C64FDE2-1CBE-4F35-AC79-2BA2B74FDEDA}.Debug|Any CPU.ActiveCfg = Debug|Any CPU
		{7C64FDE2-1CBE-4F35-AC79-2BA2B74FDEDA}.Debug|Any CPU.Build.0 = Debug|Any CPU
		{7C64FDE2-1CBE-4F35-AC79-2BA2B74FDEDA}.Release|Any CPU.ActiveCfg = Release|Any CPU
		{7C64FDE2-1CBE-4F35-AC79-2BA2B74FDEDA}.Release|Any CPU.Build.0 = Release|Any CPU
		{BDF38A0C-0A59-4032-A8A7-4C78ADE5FCA1}.Debug|Any CPU.ActiveCfg = Debug|Any CPU
		{BDF38A0C-0A59-4032-A8A7-4C78ADE5FCA1}.Debug|Any CPU.Build.0 = Debug|Any CPU
		{BDF38A0C-0A59-4032-A8A7-4C78ADE5FCA1}.Release|Any CPU.ActiveCfg = Release|Any CPU
		{BDF38A0C-0A59-4032-A8A7-4C78ADE5FCA1}.Release|Any CPU.Build.0 = Release|Any CPU
		{FE5CD946-9EE4-433F-8B8C-0F7C241C772A}.Debug|Any CPU.ActiveCfg = Debug|Any CPU
		{FE5CD946-9EE4-433F-8B8C-0F7C241C772A}.Debug|Any CPU.Build.0 = Debug|Any CPU
		{FE5CD946-9EE4-433F-8B8C-0F7C241C772A}.Release|Any CPU.ActiveCfg = Release|Any CPU
		{FE5CD946-9EE4-433F-8B8C-0F7C241C772A}.Release|Any CPU.Build.0 = Release|Any CPU
	EndGlobalSection
	GlobalSection(SolutionProperties) = preSolution
		HideSolutionNode = FALSE
	EndGlobalSection
	GlobalSection(ExtensibilityGlobals) = postSolution
		SolutionGuid = {7D0FAC66-A999-40C2-8D14-381D908CB6F0}
	EndGlobalSection
EndGlobal
